
Microsoft Visual Studio Solution File, Format Version 12.00
# Visual Studio Version 16
VisualStudioVersion = 16.0.30114.105
MinimumVisualStudioVersion = 10.0.40219.1
Project("{FAE04EC0-301F-11D3-BF4B-00C04F79EFBC}") = "API", "API\API.csproj", "{31734F75-30C2-4EC2-93D0-18615817E114}"
EndProject
Project("{FAE04EC0-301F-11D3-BF4B-00C04F79EFBC}") = "Core", "Core\Core.csproj", "{E6939358-48E9-4AF9-AAB5-C31626166D32}"
EndProject
Project("{FAE04EC0-301F-11D3-BF4B-00C04F79EFBC}") = "Infrastructure", "Infrastructure\Infrastructure.csproj", "{A0537A97-5F3E-4E0F-97C7-12C10D655159}"
EndProject
Global
	GlobalSection(SolutionConfigurationPlatforms) = preSolution
		Debug|Any CPU = Debug|Any CPU
		Release|Any CPU = Release|Any CPU
	EndGlobalSection
	GlobalSection(SolutionProperties) = preSolution
		HideSolutionNode = FALSE
	EndGlobalSection
	GlobalSection(ProjectConfigurationPlatforms) = postSolution
		{31734F75-30C2-4EC2-93D0-18615817E114}.Debug|Any CPU.ActiveCfg = Debug|Any CPU
		{31734F75-30C2-4EC2-93D0-18615817E114}.Debug|Any CPU.Build.0 = Debug|Any CPU
		{31734F75-30C2-4EC2-93D0-18615817E114}.Release|Any CPU.ActiveCfg = Release|Any CPU
		{31734F75-30C2-4EC2-93D0-18615817E114}.Release|Any CPU.Build.0 = Release|Any CPU
		{E6939358-48E9-4AF9-AAB5-C31626166D32}.Debug|Any CPU.ActiveCfg = Debug|Any CPU
		{E6939358-48E9-4AF9-AAB5-C31626166D32}.Debug|Any CPU.Build.0 = Debug|Any CPU
		{E6939358-48E9-4AF9-AAB5-C31626166D32}.Release|Any CPU.ActiveCfg = Release|Any CPU
		{E6939358-48E9-4AF9-AAB5-C31626166D32}.Release|Any CPU.Build.0 = Release|Any CPU
		{A0537A97-5F3E-4E0F-97C7-12C10D655159}.Debug|Any CPU.ActiveCfg = Debug|Any CPU
		{A0537A97-5F3E-4E0F-97C7-12C10D655159}.Debug|Any CPU.Build.0 = Debug|Any CPU
		{A0537A97-5F3E-4E0F-97C7-12C10D655159}.Release|Any CPU.ActiveCfg = Release|Any CPU
		{A0537A97-5F3E-4E0F-97C7-12C10D655159}.Release|Any CPU.Build.0 = Release|Any CPU
	EndGlobalSection
EndGlobal
